
Microsoft Visual Studio Solution File, Format Version 12.00
# Visual Studio Version 17
VisualStudioVersion = 17.7.34202.233
MinimumVisualStudioVersion = 10.0.40219.1
Project("{9A19103F-16F7-4668-BE54-9A1E7A4F7556}") = "ktane_module_testing", "shidderfuc2015\ktane_module_testing.csproj", "{739840E7-977E-45C8-84FA-F87457A1323B}"
EndProject
Global
	GlobalSection(SolutionConfigurationPlatforms) = preSolution
		Debug|Any CPU = Debug|Any CPU
		Release|Any CPU = Release|Any CPU
	EndGlobalSection
	GlobalSection(ProjectConfigurationPlatforms) = postSolution
		{739840E7-977E-45C8-84FA-F87457A1323B}.Debug|Any CPU.ActiveCfg = Debug|Any CPU
		{739840E7-977E-45C8-84FA-F87457A1323B}.Debug|Any CPU.Build.0 = Debug|Any CPU
		{739840E7-977E-45C8-84FA-F87457A1323B}.Release|Any CPU.ActiveCfg = Release|Any CPU
		{739840E7-977E-45C8-84FA-F87457A1323B}.Release|Any CPU.Build.0 = Release|Any CPU
	EndGlobalSection
	GlobalSection(SolutionProperties) = preSolution
		HideSolutionNode = FALSE
	EndGlobalSection
	GlobalSection(ExtensibilityGlobals) = postSolution
		SolutionGuid = {1AF118C9-292C-48B9-A0B5-E8E2F6B2F14A}
	EndGlobalSection
EndGlobal
